
Microsoft Visual Studio Solution File, Format Version 12.00
# Visual Studio 15
VisualStudioVersion = 15.0.28307.1259
MinimumVisualStudioVersion = 10.0.40219.1
Project("{FAE04EC0-301F-11D3-BF4B-00C04F79EFBC}") = "ASP期末大作业——校园购物网站", "ASP期末大作业——校园购物网站\ASP期末大作业——校园购物网站.csproj", "{EC69D1E4-A6EE-48EC-8E26-1C831964D66D}"
EndProject
Global
	GlobalSection(SolutionConfigurationPlatforms) = preSolution
		Debug|Any CPU = Debug|Any CPU
		Release|Any CPU = Release|Any CPU
	EndGlobalSection
	GlobalSection(ProjectConfigurationPlatforms) = postSolution
		{EC69D1E4-A6EE-48EC-8E26-1C831964D66D}.Debug|Any CPU.ActiveCfg = Debug|Any CPU
		{EC69D1E4-A6EE-48EC-8E26-1C831964D66D}.Debug|Any CPU.Build.0 = Debug|Any CPU
		{EC69D1E4-A6EE-48EC-8E26-1C831964D66D}.Release|Any CPU.ActiveCfg = Release|Any CPU
		{EC69D1E4-A6EE-48EC-8E26-1C831964D66D}.Release|Any CPU.Build.0 = Release|Any CPU
	EndGlobalSection
	GlobalSection(SolutionProperties) = preSolution
		HideSolutionNode = FALSE
	EndGlobalSection
	GlobalSection(ExtensibilityGlobals) = postSolution
		SolutionGuid = {101DBC0B-848D-46A5-9237-16EF44183136}
	EndGlobalSection
EndGlobal
